
Microsoft Visual Studio Solution File, Format Version 12.00
# Visual Studio 15
VisualStudioVersion = 15.0.28010.2026
MinimumVisualStudioVersion = 10.0.40219.1
Project("{FAE04EC0-301F-11D3-BF4B-00C04F79EFBC}") = "Prueba", "Prueba\Prueba.csproj", "{BDD22C2E-915B-4FDD-BC11-02B57B7699F8}"
EndProject
Global
	GlobalSection(SolutionConfigurationPlatforms) = preSolution
		Debug|Any CPU = Debug|Any CPU
		Release|Any CPU = Release|Any CPU
	EndGlobalSection
	GlobalSection(ProjectConfigurationPlatforms) = postSolution
		{BDD22C2E-915B-4FDD-BC11-02B57B7699F8}.Debug|Any CPU.ActiveCfg = Debug|Any CPU
		{BDD22C2E-915B-4FDD-BC11-02B57B7699F8}.Debug|Any CPU.Build.0 = Debug|Any CPU
		{BDD22C2E-915B-4FDD-BC11-02B57B7699F8}.Release|Any CPU.ActiveCfg = Release|Any CPU
		{BDD22C2E-915B-4FDD-BC11-02B57B7699F8}.Release|Any CPU.Build.0 = Release|Any CPU
	EndGlobalSection
	GlobalSection(SolutionProperties) = preSolution
		HideSolutionNode = FALSE
	EndGlobalSection
	GlobalSection(ExtensibilityGlobals) = postSolution
		SolutionGuid = {93CBC2E2-E87A-4ABD-AC1F-A150350097DA}
	EndGlobalSection
EndGlobal
